
Microsoft Visual Studio Solution File, Format Version 12.00
# Visual Studio Version 16
VisualStudioVersion = 16.0.31229.75
MinimumVisualStudioVersion = 10.0.40219.1
Project("{9A19103F-16F7-4668-BE54-9A1E7A4F7556}") = "PrivateContactManager", "PrivateContactManager\PrivateContactManager.csproj", "{3C3C1166-ECC3-461D-BD5D-B4E9D45DB8F7}"
EndProject
Project("{9A19103F-16F7-4668-BE54-9A1E7A4F7556}") = "DesktopUI", "DesktopUI\DesktopUI.csproj", "{FFC68BDD-49D2-4FC5-9D82-03F68253ED42}"
EndProject
Global
	GlobalSection(SolutionConfigurationPlatforms) = preSolution
		Debug|Any CPU = Debug|Any CPU
		Release|Any CPU = Release|Any CPU
	EndGlobalSection
	GlobalSection(ProjectConfigurationPlatforms) = postSolution
		{3C3C1166-ECC3-461D-BD5D-B4E9D45DB8F7}.Debug|Any CPU.ActiveCfg = Debug|Any CPU
		{3C3C1166-ECC3-461D-BD5D-B4E9D45DB8F7}.Debug|Any CPU.Build.0 = Debug|Any CPU
		{3C3C1166-ECC3-461D-BD5D-B4E9D45DB8F7}.Release|Any CPU.ActiveCfg = Release|Any CPU
		{3C3C1166-ECC3-461D-BD5D-B4E9D45DB8F7}.Release|Any CPU.Build.0 = Release|Any CPU
		{FFC68BDD-49D2-4FC5-9D82-03F68253ED42}.Debug|Any CPU.ActiveCfg = Debug|Any CPU
		{FFC68BDD-49D2-4FC5-9D82-03F68253ED42}.Debug|Any CPU.Build.0 = Debug|Any CPU
		{FFC68BDD-49D2-4FC5-9D82-03F68253ED42}.Release|Any CPU.ActiveCfg = Release|Any CPU
		{FFC68BDD-49D2-4FC5-9D82-03F68253ED42}.Release|Any CPU.Build.0 = Release|Any CPU
	EndGlobalSection
	GlobalSection(SolutionProperties) = preSolution
		HideSolutionNode = FALSE
	EndGlobalSection
	GlobalSection(ExtensibilityGlobals) = postSolution
		SolutionGuid = {1B28488E-8486-44E8-A8BF-BD6ED272AB23}
	EndGlobalSection
EndGlobal
